{
    "version": 3,
    "terraform_version": "0.9.11",
    "serial": 0,
    "lineage": "e317cc5d-aaaf-4114-9bf2-c8eddb187648",
    "modules": [
        {
            "path": [
                "root"
            ],
            "outputs": {
                "DataStax_Studio_URL": {
                    "sensitive": false,
                    "type": "list",
                    "value": [
                        "129.146.26.189:9091"
                    ]
                },
                "OpsCenter_URL": {
                    "sensitive": false,
                    "type": "list",
                    "value": [
                        "129.146.26.189:8888"
                    ]
                }
            },
            "resources": {
                "baremetal_core_instance.DSE_OPSC": {
                    "type": "baremetal_core_instance",
                    "depends_on": [
                        "baremetal_core_subnet.DataStax_PublicSubnet_AD",
                        "data.baremetal_identity_availability_domains.ADs"
                    ],
                    "primary": {
                        "id": "ocid1.instance.oc1.phx.abyhqljsb5kcrenqdagus25v7s6ejauzlnho6venaljrwm77rjf74dzkwhpq",
                        "attributes": {
                            "availability_domain": "FcAL:PHX-AD-1",
                            "compartment_id": "ocid1.compartment.oc1..aaaaaaaawgpykgu7qgxq3c336hxl7nbtrbgjjbcbrcwp5vhluwglh5mlio2q",
                            "display_name": "OPSC_AD_1-0",
                            "id": "ocid1.instance.oc1.phx.abyhqljsb5kcrenqdagus25v7s6ejauzlnho6venaljrwm77rjf74dzkwhpq",
                            "image": "ocid1.image.oc1.phx.aaaaaaaatrhddghn5rrfhwi5zdbzkii6g2n5zqq34w6wscpdz3c3j64ogjoa",
                            "ipxe_script": "",
                            "metadata.%": "1",
                            "metadata.user_data": "IyEvYmluL2Jhc2gKCmNkIH5vcGMKCmN1cmwgaHR0cHM6Ly9yYXcuZ2l0aHVidXNlcmNvbnRlbnQuY29tL0RTUE4vb3JhY2xlLWp1bXBzdGFydC9tYXN0ZXIvdXNlcmRhdGEvbGNtX29wc2NlbnRlci5zaCA+IGxjbV9vcHNjZW50ZXIuc2gKCmNobW9kICt4IGxjbV9vcHNjZW50ZXIuc2gKCgouL2xjbV9vcHNjZW50ZXIuc2ggSnVtcFN0YXJ0IG9wYyBkYXRhc3RheEBvcmFjbGUuY29tICo5RW45SEg0al5wNAo=",
                            "private_ip": "10.0.0.2",
                            "public_ip": "129.146.26.189",
                            "region": "phx",
                            "shape": "VM.Standard1.8",
                            "state": "RUNNING",
                            "subnet_id": "ocid1.subnet.oc1.phx.aaaaaaaaztnmf6az2h6z4h3zddzyjkb7l5wdqoyswdbnvp3hldiwkrrnpjxa",
                            "time_created": "2017-09-14 20:23:41.695 +0000 UTC"
                        },
                        "meta": {
                            "e2bfb730-ecaa-11e6-8f88-34363bc7c4c0": {
                                "create": 7200000000000,
                                "delete": 7200000000000,
                                "update": 7200000000000
                            }
                        },
                        "tainted": false
                    },
                    "deposed": [],
                    "provider": ""
                },
                "baremetal_core_internet_gateway.DataStax_IG": {
                    "type": "baremetal_core_internet_gateway",
                    "depends_on": [
                        "baremetal_core_virtual_network.DataStax_VCN"
                    ],
                    "primary": {
                        "id": "ocid1.internetgateway.oc1.phx.aaaaaaaa6i7bor7oefxb5sx3smxhmjpnupqnrhiq57ft6rhfjdnu664njkya",
                        "attributes": {
                            "compartment_id": "ocid1.compartment.oc1..aaaaaaaawgpykgu7qgxq3c336hxl7nbtrbgjjbcbrcwp5vhluwglh5mlio2q",
                            "display_name": "DataStax_IG",
                            "enabled": "true",
                            "id": "ocid1.internetgateway.oc1.phx.aaaaaaaa6i7bor7oefxb5sx3smxhmjpnupqnrhiq57ft6rhfjdnu664njkya",
                            "state": "AVAILABLE",
                            "time_created": "2017-09-14 20:22:54.018 +0000 UTC",
                            "time_modified": "0001-01-01 00:00:00 +0000 UTC",
                            "vcn_id": "ocid1.vcn.oc1.phx.aaaaaaaawrtxfmung7bm7aqh72ep5zokmwh3okv7zympfrsh6fghyes36qra"
                        },
                        "meta": {
                            "e2bfb730-ecaa-11e6-8f88-34363bc7c4c0": {
                                "create": 300000000000,
                                "delete": 300000000000,
                                "update": 300000000000
                            }
                        },
                        "tainted": false
                    },
                    "deposed": [],
                    "provider": ""
                },
                "baremetal_core_route_table.DataStax_RT": {
                    "type": "baremetal_core_route_table",
                    "depends_on": [
                        "baremetal_core_internet_gateway.DataStax_IG",
                        "baremetal_core_virtual_network.DataStax_VCN"
                    ],
                    "primary": {
                        "id": "ocid1.routetable.oc1.phx.aaaaaaaaqfgrlpq54vqhq7tmq5vtjgj2kwxvjqunwycz2ojrii3rrth22yzq",
                        "attributes": {
                            "compartment_id": "ocid1.compartment.oc1..aaaaaaaawgpykgu7qgxq3c336hxl7nbtrbgjjbcbrcwp5vhluwglh5mlio2q",
                            "display_name": "DataStax_RT",
                            "id": "ocid1.routetable.oc1.phx.aaaaaaaaqfgrlpq54vqhq7tmq5vtjgj2kwxvjqunwycz2ojrii3rrth22yzq",
                            "route_rules.#": "1",
                            "route_rules.0.cidr_block": "0.0.0.0/0",
                            "route_rules.0.network_entity_id": "ocid1.internetgateway.oc1.phx.aaaaaaaa6i7bor7oefxb5sx3smxhmjpnupqnrhiq57ft6rhfjdnu664njkya",
                            "state": "AVAILABLE",
                            "time_created": "2017-09-14 20:22:54.749 +0000 UTC",
                            "time_modified": "0001-01-01 00:00:00 +0000 UTC",
                            "vcn_id": "ocid1.vcn.oc1.phx.aaaaaaaawrtxfmung7bm7aqh72ep5zokmwh3okv7zympfrsh6fghyes36qra"
                        },
                        "meta": {
                            "e2bfb730-ecaa-11e6-8f88-34363bc7c4c0": {
                                "create": 300000000000,
                                "delete": 300000000000,
                                "update": 300000000000
                            }
                        },
                        "tainted": false
                    },
                    "deposed": [],
                    "provider": ""
                },
                "baremetal_core_security_list.DataStax_PublicSubnet": {
                    "type": "baremetal_core_security_list",
                    "depends_on": [
                        "baremetal_core_virtual_network.DataStax_VCN"
                    ],
                    "primary": {
                        "id": "ocid1.securitylist.oc1.phx.aaaaaaaahd7zss2mumf5k3x425nqnikokbj2pzrgvdshcwjcx4p2tf35o3uq",
                        "attributes": {
                            "compartment_id": "ocid1.compartment.oc1..aaaaaaaawgpykgu7qgxq3c336hxl7nbtrbgjjbcbrcwp5vhluwglh5mlio2q",
                            "display_name": "DataStax_PublicSubnet",
                            "egress_security_rules.#": "1",
                            "egress_security_rules.0.destination": "0.0.0.0/0",
                            "egress_security_rules.0.icmp_options.#": "0",
                            "egress_security_rules.0.protocol": "6",
                            "egress_security_rules.0.stateless": "false",
                            "egress_security_rules.0.tcp_options.#": "0",
                            "egress_security_rules.0.udp_options.#": "0",
                            "id": "ocid1.securitylist.oc1.phx.aaaaaaaahd7zss2mumf5k3x425nqnikokbj2pzrgvdshcwjcx4p2tf35o3uq",
                            "ingress_security_rules.#": "21",
                            "ingress_security_rules.0.icmp_options.#": "1",
                            "ingress_security_rules.0.icmp_options.0.code": "4",
                            "ingress_security_rules.0.icmp_options.0.type": "3",
                            "ingress_security_rules.0.protocol": "1",
                            "ingress_security_rules.0.source": "0.0.0.0/0",
                            "ingress_security_rules.0.stateless": "false",
                            "ingress_security_rules.0.tcp_options.#": "0",
                            "ingress_security_rules.0.udp_options.#": "0",
                            "ingress_security_rules.1.icmp_options.#": "1",
                            "ingress_security_rules.1.icmp_options.0.code": "0",
                            "ingress_security_rules.1.icmp_options.0.type": "3",
                            "ingress_security_rules.1.protocol": "1",
                            "ingress_security_rules.1.source": "10.0.0.0/16",
                            "ingress_security_rules.1.stateless": "false",
                            "ingress_security_rules.1.tcp_options.#": "0",
                            "ingress_security_rules.1.udp_options.#": "0",
                            "ingress_security_rules.10.icmp_options.#": "0",
                            "ingress_security_rules.10.protocol": "6",
                            "ingress_security_rules.10.source": "0.0.0.0/0",
                            "ingress_security_rules.10.stateless": "false",
                            "ingress_security_rules.10.tcp_options.#": "1",
                            "ingress_security_rules.10.tcp_options.0.max": "9160",
                            "ingress_security_rules.10.tcp_options.0.min": "9160",
                            "ingress_security_rules.10.udp_options.#": "0",
                            "ingress_security_rules.11.icmp_options.#": "0",
                            "ingress_security_rules.11.protocol": "6",
                            "ingress_security_rules.11.source": "0.0.0.0/0",
                            "ingress_security_rules.11.stateless": "false",
                            "ingress_security_rules.11.tcp_options.#": "1",
                            "ingress_security_rules.11.tcp_options.0.max": "8983",
                            "ingress_security_rules.11.tcp_options.0.min": "8983",
                            "ingress_security_rules.11.udp_options.#": "0",
                            "ingress_security_rules.12.icmp_options.#": "0",
                            "ingress_security_rules.12.protocol": "6",
                            "ingress_security_rules.12.source": "0.0.0.0/0",
                            "ingress_security_rules.12.stateless": "false",
                            "ingress_security_rules.12.tcp_options.#": "1",
                            "ingress_security_rules.12.tcp_options.0.max": "8609",
                            "ingress_security_rules.12.tcp_options.0.min": "8609",
                            "ingress_security_rules.12.udp_options.#": "0",
                            "ingress_security_rules.13.icmp_options.#": "0",
                            "ingress_security_rules.13.protocol": "6",
                            "ingress_security_rules.13.source": "0.0.0.0/0",
                            "ingress_security_rules.13.stateless": "false",
                            "ingress_security_rules.13.tcp_options.#": "1",
                            "ingress_security_rules.13.tcp_options.0.max": "7077",
                            "ingress_security_rules.13.tcp_options.0.min": "7077",
                            "ingress_security_rules.13.udp_options.#": "0",
                            "ingress_security_rules.14.icmp_options.#": "0",
                            "ingress_security_rules.14.protocol": "6",
                            "ingress_security_rules.14.source": "0.0.0.0/0",
                            "ingress_security_rules.14.stateless": "false",
                            "ingress_security_rules.14.tcp_options.#": "1",
                            "ingress_security_rules.14.tcp_options.0.max": "7081",
                            "ingress_security_rules.14.tcp_options.0.min": "7080",
                            "ingress_security_rules.14.udp_options.#": "0",
                            "ingress_security_rules.15.icmp_options.#": "0",
                            "ingress_security_rules.15.protocol": "6",
                            "ingress_security_rules.15.source": "0.0.0.0/0",
                            "ingress_security_rules.15.stateless": "false",
                            "ingress_security_rules.15.tcp_options.#": "1",
                            "ingress_security_rules.15.tcp_options.0.max": "8182",
                            "ingress_security_rules.15.tcp_options.0.min": "8182",
                            "ingress_security_rules.15.udp_options.#": "0",
                            "ingress_security_rules.16.icmp_options.#": "0",
                            "ingress_security_rules.16.protocol": "6",
                            "ingress_security_rules.16.source": "0.0.0.0/0",
                            "ingress_security_rules.16.stateless": "false",
                            "ingress_security_rules.16.tcp_options.#": "1",
                            "ingress_security_rules.16.tcp_options.0.max": "5599",
                            "ingress_security_rules.16.tcp_options.0.min": "5598",
                            "ingress_security_rules.16.udp_options.#": "0",
                            "ingress_security_rules.17.icmp_options.#": "0",
                            "ingress_security_rules.17.protocol": "6",
                            "ingress_security_rules.17.source": "0.0.0.0/0",
                            "ingress_security_rules.17.stateless": "false",
                            "ingress_security_rules.17.tcp_options.#": "1",
                            "ingress_security_rules.17.tcp_options.0.max": "4040",
                            "ingress_security_rules.17.tcp_options.0.min": "4040",
                            "ingress_security_rules.17.udp_options.#": "0",
                            "ingress_security_rules.18.icmp_options.#": "0",
                            "ingress_security_rules.18.protocol": "6",
                            "ingress_security_rules.18.source": "0.0.0.0/0",
                            "ingress_security_rules.18.stateless": "false",
                            "ingress_security_rules.18.tcp_options.#": "1",
                            "ingress_security_rules.18.tcp_options.0.max": "8090",
                            "ingress_security_rules.18.tcp_options.0.min": "8090",
                            "ingress_security_rules.18.udp_options.#": "0",
                            "ingress_security_rules.19.icmp_options.#": "0",
                            "ingress_security_rules.19.protocol": "6",
                            "ingress_security_rules.19.source": "0.0.0.0/0",
                            "ingress_security_rules.19.stateless": "false",
                            "ingress_security_rules.19.tcp_options.#": "1",
                            "ingress_security_rules.19.tcp_options.0.max": "9999",
                            "ingress_security_rules.19.tcp_options.0.min": "9999",
                            "ingress_security_rules.19.udp_options.#": "0",
                            "ingress_security_rules.2.icmp_options.#": "0",
                            "ingress_security_rules.2.protocol": "6",
                            "ingress_security_rules.2.source": "0.0.0.0/0",
                            "ingress_security_rules.2.stateless": "false",
                            "ingress_security_rules.2.tcp_options.#": "1",
                            "ingress_security_rules.2.tcp_options.0.max": "22",
                            "ingress_security_rules.2.tcp_options.0.min": "22",
                            "ingress_security_rules.2.udp_options.#": "0",
                            "ingress_security_rules.20.icmp_options.#": "0",
                            "ingress_security_rules.20.protocol": "6",
                            "ingress_security_rules.20.source": "0.0.0.0/0",
                            "ingress_security_rules.20.stateless": "false",
                            "ingress_security_rules.20.tcp_options.#": "1",
                            "ingress_security_rules.20.tcp_options.0.max": "61621",
                            "ingress_security_rules.20.tcp_options.0.min": "61620",
                            "ingress_security_rules.20.udp_options.#": "0",
                            "ingress_security_rules.3.icmp_options.#": "0",
                            "ingress_security_rules.3.protocol": "6",
                            "ingress_security_rules.3.source": "0.0.0.0/0",
                            "ingress_security_rules.3.stateless": "false",
                            "ingress_security_rules.3.tcp_options.#": "1",
                            "ingress_security_rules.3.tcp_options.0.max": "443",
                            "ingress_security_rules.3.tcp_options.0.min": "443",
                            "ingress_security_rules.3.udp_options.#": "0",
                            "ingress_security_rules.4.icmp_options.#": "0",
                            "ingress_security_rules.4.protocol": "6",
                            "ingress_security_rules.4.source": "0.0.0.0/0",
                            "ingress_security_rules.4.stateless": "false",
                            "ingress_security_rules.4.tcp_options.#": "1",
                            "ingress_security_rules.4.tcp_options.0.max": "7001",
                            "ingress_security_rules.4.tcp_options.0.min": "7000",
                            "ingress_security_rules.4.udp_options.#": "0",
                            "ingress_security_rules.5.icmp_options.#": "0",
                            "ingress_security_rules.5.protocol": "6",
                            "ingress_security_rules.5.source": "0.0.0.0/0",
                            "ingress_security_rules.5.stateless": "false",
                            "ingress_security_rules.5.tcp_options.#": "1",
                            "ingress_security_rules.5.tcp_options.0.max": "7199",
                            "ingress_security_rules.5.tcp_options.0.min": "7199",
                            "ingress_security_rules.5.udp_options.#": "0",
                            "ingress_security_rules.6.icmp_options.#": "0",
                            "ingress_security_rules.6.protocol": "6",
                            "ingress_security_rules.6.source": "0.0.0.0/0",
                            "ingress_security_rules.6.stateless": "false",
                            "ingress_security_rules.6.tcp_options.#": "1",
                            "ingress_security_rules.6.tcp_options.0.max": "8443",
                            "ingress_security_rules.6.tcp_options.0.min": "8443",
                            "ingress_security_rules.6.udp_options.#": "0",
                            "ingress_security_rules.7.icmp_options.#": "0",
                            "ingress_security_rules.7.protocol": "6",
                            "ingress_security_rules.7.source": "0.0.0.0/0",
                            "ingress_security_rules.7.stateless": "false",
                            "ingress_security_rules.7.tcp_options.#": "1",
                            "ingress_security_rules.7.tcp_options.0.max": "8888",
                            "ingress_security_rules.7.tcp_options.0.min": "8888",
                            "ingress_security_rules.7.udp_options.#": "0",
                            "ingress_security_rules.8.icmp_options.#": "0",
                            "ingress_security_rules.8.protocol": "6",
                            "ingress_security_rules.8.source": "0.0.0.0/0",
                            "ingress_security_rules.8.stateless": "false",
                            "ingress_security_rules.8.tcp_options.#": "1",
                            "ingress_security_rules.8.tcp_options.0.max": "9091",
                            "ingress_security_rules.8.tcp_options.0.min": "9091",
                            "ingress_security_rules.8.udp_options.#": "0",
                            "ingress_security_rules.9.icmp_options.#": "0",
                            "ingress_security_rules.9.protocol": "6",
                            "ingress_security_rules.9.source": "0.0.0.0/0",
                            "ingress_security_rules.9.stateless": "false",
                            "ingress_security_rules.9.tcp_options.#": "1",
                            "ingress_security_rules.9.tcp_options.0.max": "9042",
                            "ingress_security_rules.9.tcp_options.0.min": "9042",
                            "ingress_security_rules.9.udp_options.#": "0",
                            "state": "AVAILABLE",
                            "time_created": "2017-09-14 20:22:54.249 +0000 UTC",
                            "vcn_id": "ocid1.vcn.oc1.phx.aaaaaaaawrtxfmung7bm7aqh72ep5zokmwh3okv7zympfrsh6fghyes36qra"
                        },
                        "meta": {
                            "e2bfb730-ecaa-11e6-8f88-34363bc7c4c0": {
                                "create": 300000000000,
                                "delete": 300000000000,
                                "update": 300000000000
                            }
                        },
                        "tainted": false
                    },
                    "deposed": [],
                    "provider": ""
                },
                "baremetal_core_subnet.DataStax_PublicSubnet_AD.0": {
                    "type": "baremetal_core_subnet",
                    "depends_on": [
                        "baremetal_core_route_table.DataStax_RT",
                        "baremetal_core_security_list.DataStax_PublicSubnet",
                        "baremetal_core_virtual_network.DataStax_VCN",
                        "data.baremetal_identity_availability_domains.ADs"
                    ],
                    "primary": {
                        "id": "ocid1.subnet.oc1.phx.aaaaaaaaztnmf6az2h6z4h3zddzyjkb7l5wdqoyswdbnvp3hldiwkrrnpjxa",
                        "attributes": {
                            "availability_domain": "FcAL:PHX-AD-1",
                            "cidr_block": "10.0.0.0/24",
                            "compartment_id": "ocid1.compartment.oc1..aaaaaaaawgpykgu7qgxq3c336hxl7nbtrbgjjbcbrcwp5vhluwglh5mlio2q",
                            "dhcp_options_id": "ocid1.dhcpoptions.oc1.phx.aaaaaaaanf5ycrgnsj4wujkeuj7ap7vdlwlhcy55y7igijfg7t4tkeqa7ccq",
                            "display_name": "PublicSubnetAD-0",
                            "dns_label": "",
                            "id": "ocid1.subnet.oc1.phx.aaaaaaaaztnmf6az2h6z4h3zddzyjkb7l5wdqoyswdbnvp3hldiwkrrnpjxa",
                            "prohibit_public_ip_on_vnic": "false",
                            "route_table_id": "ocid1.routetable.oc1.phx.aaaaaaaaqfgrlpq54vqhq7tmq5vtjgj2kwxvjqunwycz2ojrii3rrth22yzq",
                            "security_list_ids.#": "1",
                            "security_list_ids.1613135031": "ocid1.securitylist.oc1.phx.aaaaaaaahd7zss2mumf5k3x425nqnikokbj2pzrgvdshcwjcx4p2tf35o3uq",
                            "state": "AVAILABLE",
                            "time_created": "2017-09-14 20:23:10.945 +0000 UTC",
                            "vcn_id": "ocid1.vcn.oc1.phx.aaaaaaaawrtxfmung7bm7aqh72ep5zokmwh3okv7zympfrsh6fghyes36qra",
                            "virtual_router_ip": "10.0.0.1",
                            "virtual_router_mac": "00:00:17:92:FB:2A"
                        },
                        "meta": {
                            "e2bfb730-ecaa-11e6-8f88-34363bc7c4c0": {
                                "create": 300000000000,
                                "delete": 300000000000,
                                "update": 300000000000
                            }
                        },
                        "tainted": false
                    },
                    "deposed": [],
                    "provider": ""
                },
                "baremetal_core_subnet.DataStax_PublicSubnet_AD.1": {
                    "type": "baremetal_core_subnet",
                    "depends_on": [
                        "baremetal_core_route_table.DataStax_RT",
                        "baremetal_core_security_list.DataStax_PublicSubnet",
                        "baremetal_core_virtual_network.DataStax_VCN",
                        "data.baremetal_identity_availability_domains.ADs"
                    ],
                    "primary": {
                        "id": "ocid1.subnet.oc1.phx.aaaaaaaatqvgequhcj2hbhyagjklowui74gutv5ie4g6pkiljlfq673duxna",
                        "attributes": {
                            "availability_domain": "FcAL:PHX-AD-2",
                            "cidr_block": "10.0.1.0/24",
                            "compartment_id": "ocid1.compartment.oc1..aaaaaaaawgpykgu7qgxq3c336hxl7nbtrbgjjbcbrcwp5vhluwglh5mlio2q",
                            "dhcp_options_id": "ocid1.dhcpoptions.oc1.phx.aaaaaaaanf5ycrgnsj4wujkeuj7ap7vdlwlhcy55y7igijfg7t4tkeqa7ccq",
                            "display_name": "PublicSubnetAD-1",
                            "dns_label": "",
                            "id": "ocid1.subnet.oc1.phx.aaaaaaaatqvgequhcj2hbhyagjklowui74gutv5ie4g6pkiljlfq673duxna",
                            "prohibit_public_ip_on_vnic": "false",
                            "route_table_id": "ocid1.routetable.oc1.phx.aaaaaaaaqfgrlpq54vqhq7tmq5vtjgj2kwxvjqunwycz2ojrii3rrth22yzq",
                            "security_list_ids.#": "1",
                            "security_list_ids.1613135031": "ocid1.securitylist.oc1.phx.aaaaaaaahd7zss2mumf5k3x425nqnikokbj2pzrgvdshcwjcx4p2tf35o3uq",
                            "state": "AVAILABLE",
                            "time_created": "2017-09-14 20:23:12.628 +0000 UTC",
                            "vcn_id": "ocid1.vcn.oc1.phx.aaaaaaaawrtxfmung7bm7aqh72ep5zokmwh3okv7zympfrsh6fghyes36qra",
                            "virtual_router_ip": "10.0.1.1",
                            "virtual_router_mac": "00:00:17:92:FB:2A"
                        },
                        "meta": {
                            "e2bfb730-ecaa-11e6-8f88-34363bc7c4c0": {
                                "create": 300000000000,
                                "delete": 300000000000,
                                "update": 300000000000
                            }
                        },
                        "tainted": false
                    },
                    "deposed": [],
                    "provider": ""
                },
                "baremetal_core_subnet.DataStax_PublicSubnet_AD.2": {
                    "type": "baremetal_core_subnet",
                    "depends_on": [
                        "baremetal_core_route_table.DataStax_RT",
                        "baremetal_core_security_list.DataStax_PublicSubnet",
                        "baremetal_core_virtual_network.DataStax_VCN",
                        "data.baremetal_identity_availability_domains.ADs"
                    ],
                    "primary": {
                        "id": "ocid1.subnet.oc1.phx.aaaaaaaaucmu5mc4uf3t2grvtql2qjc7ubhxoro2y2lmnucamtic5q5qzsoa",
                        "attributes": {
                            "availability_domain": "FcAL:PHX-AD-3",
                            "cidr_block": "10.0.2.0/24",
                            "compartment_id": "ocid1.compartment.oc1..aaaaaaaawgpykgu7qgxq3c336hxl7nbtrbgjjbcbrcwp5vhluwglh5mlio2q",
                            "dhcp_options_id": "ocid1.dhcpoptions.oc1.phx.aaaaaaaanf5ycrgnsj4wujkeuj7ap7vdlwlhcy55y7igijfg7t4tkeqa7ccq",
                            "display_name": "PublicSubnetAD-2",
                            "dns_label": "",
                            "id": "ocid1.subnet.oc1.phx.aaaaaaaaucmu5mc4uf3t2grvtql2qjc7ubhxoro2y2lmnucamtic5q5qzsoa",
                            "prohibit_public_ip_on_vnic": "false",
                            "route_table_id": "ocid1.routetable.oc1.phx.aaaaaaaaqfgrlpq54vqhq7tmq5vtjgj2kwxvjqunwycz2ojrii3rrth22yzq",
                            "security_list_ids.#": "1",
                            "security_list_ids.1613135031": "ocid1.securitylist.oc1.phx.aaaaaaaahd7zss2mumf5k3x425nqnikokbj2pzrgvdshcwjcx4p2tf35o3uq",
                            "state": "AVAILABLE",
                            "time_created": "2017-09-14 20:23:11.6 +0000 UTC",
                            "vcn_id": "ocid1.vcn.oc1.phx.aaaaaaaawrtxfmung7bm7aqh72ep5zokmwh3okv7zympfrsh6fghyes36qra",
                            "virtual_router_ip": "10.0.2.1",
                            "virtual_router_mac": "00:00:17:92:FB:2A"
                        },
                        "meta": {
                            "e2bfb730-ecaa-11e6-8f88-34363bc7c4c0": {
                                "create": 300000000000,
                                "delete": 300000000000,
                                "update": 300000000000
                            }
                        },
                        "tainted": false
                    },
                    "deposed": [],
                    "provider": ""
                },
                "baremetal_core_virtual_network.DataStax_VCN": {
                    "type": "baremetal_core_virtual_network",
                    "depends_on": [],
                    "primary": {
                        "id": "ocid1.vcn.oc1.phx.aaaaaaaawrtxfmung7bm7aqh72ep5zokmwh3okv7zympfrsh6fghyes36qra",
                        "attributes": {
                            "cidr_block": "10.0.0.0/16",
                            "compartment_id": "ocid1.compartment.oc1..aaaaaaaawgpykgu7qgxq3c336hxl7nbtrbgjjbcbrcwp5vhluwglh5mlio2q",
                            "default_dhcp_options_id": "ocid1.dhcpoptions.oc1.phx.aaaaaaaanf5ycrgnsj4wujkeuj7ap7vdlwlhcy55y7igijfg7t4tkeqa7ccq",
                            "default_route_table_id": "ocid1.routetable.oc1.phx.aaaaaaaagtikrzdfvf7pv5lgprdu6fynia3jhjpg76thoxqrbik5n5i7khcq",
                            "default_security_list_id": "ocid1.securitylist.oc1.phx.aaaaaaaaeoamu3zp3lkkdsbdrs52irdqwnbnbuw2gm2zczrn7tyzpnfcc7lq",
                            "display_name": "DataStax_VCN",
                            "dns_label": "",
                            "id": "ocid1.vcn.oc1.phx.aaaaaaaawrtxfmung7bm7aqh72ep5zokmwh3okv7zympfrsh6fghyes36qra",
                            "state": "AVAILABLE",
                            "time_created": "2017-09-14 20:22:53.423 +0000 UTC"
                        },
                        "meta": {
                            "e2bfb730-ecaa-11e6-8f88-34363bc7c4c0": {
                                "create": 300000000000,
                                "delete": 300000000000,
                                "update": 300000000000
                            }
                        },
                        "tainted": false
                    },
                    "deposed": [],
                    "provider": ""
                },
                "data.baremetal_core_images.OLImageOCID": {
                    "type": "baremetal_core_images",
                    "depends_on": [],
                    "primary": {
                        "id": "2017-09-14 20:22:52.92310394 +0000 UTC",
                        "attributes": {
                            "compartment_id": "ocid1.compartment.oc1..aaaaaaaawgpykgu7qgxq3c336hxl7nbtrbgjjbcbrcwp5vhluwglh5mlio2q",
                            "id": "2017-09-14 20:22:52.92310394 +0000 UTC",
                            "images.#": "6",
                            "images.0.base_image_id": "",
                            "images.0.compartment_id": "",
                            "images.0.create_image_allowed": "true",
                            "images.0.display_name": "Oracle-Linux-7.3-2017.07.17-1",
                            "images.0.id": "ocid1.image.oc1.phx.aaaaaaaa7jvfm572d4ehcgh3ijapvhrt52voel33ispumnygi3kl7mph55ha",
                            "images.0.instance_id": "",
                            "images.0.operating_system": "Oracle Linux",
                            "images.0.operating_system_version": "7.3",
                            "images.0.state": "AVAILABLE",
                            "images.0.time_created": "2017-09-02 00:16:54.2 +0000 UTC",
                            "images.1.base_image_id": "",
                            "images.1.compartment_id": "",
                            "images.1.create_image_allowed": "true",
                            "images.1.display_name": "Oracle-Linux-7.3-2017.07.17-0",
                            "images.1.id": "ocid1.image.oc1.phx.aaaaaaaa5yu6pw3riqtuhxzov7fdngi4tsteganmao54nq3pyxu3hxcuzmoa",
                            "images.1.instance_id": "",
                            "images.1.operating_system": "Oracle Linux",
                            "images.1.operating_system_version": "7.3",
                            "images.1.state": "AVAILABLE",
                            "images.1.time_created": "2017-07-16 20:33:42.041 +0000 UTC",
                            "images.2.base_image_id": "",
                            "images.2.compartment_id": "",
                            "images.2.create_image_allowed": "true",
                            "images.2.display_name": "Oracle-Linux-7.3-2017.05.23-0",
                            "images.2.id": "ocid1.image.oc1.phx.aaaaaaaa6uwtn7h3hogd5zlwd35eeqbndurkayshzvrfx5usqn6cwxd5vdqq",
                            "images.2.instance_id": "",
                            "images.2.operating_system": "Oracle Linux",
                            "images.2.operating_system_version": "7.3",
                            "images.2.state": "AVAILABLE",
                            "images.2.time_created": "2017-05-16 20:59:03.792 +0000 UTC",
                            "images.3.base_image_id": "ocid1.image.oc1.phx.aaaaaaaa5yu6pw3riqtuhxzov7fdngi4tsteganmao54nq3pyxu3hxcuzmoa",
                            "images.3.compartment_id": "ocid1.compartment.oc1..aaaaaaaawgpykgu7qgxq3c336hxl7nbtrbgjjbcbrcwp5vhluwglh5mlio2q",
                            "images.3.create_image_allowed": "true",
                            "images.3.display_name": "DSE_OPSC_IMAGE_v1.2",
                            "images.3.id": "ocid1.image.oc1.phx.aaaaaaaatrhddghn5rrfhwi5zdbzkii6g2n5zqq34w6wscpdz3c3j64ogjoa",
                            "images.3.instance_id": "",
                            "images.3.operating_system": "Oracle Linux",
                            "images.3.operating_system_version": "7.3",
                            "images.3.state": "AVAILABLE",
                            "images.3.time_created": "2017-08-11 02:56:17.003 +0000 UTC",
                            "images.4.base_image_id": "ocid1.image.oc1.phx.aaaaaaaa5yu6pw3riqtuhxzov7fdngi4tsteganmao54nq3pyxu3hxcuzmoa",
                            "images.4.compartment_id": "ocid1.compartment.oc1..aaaaaaaawgpykgu7qgxq3c336hxl7nbtrbgjjbcbrcwp5vhluwglh5mlio2q",
                            "images.4.create_image_allowed": "true",
                            "images.4.display_name": "DSE_OPSC_IMAGE_v1.1",
                            "images.4.id": "ocid1.image.oc1.phx.aaaaaaaakf4utuzfi46lablqpoa4iitiw4oau35z7jolytwrca64ybm262xa",
                            "images.4.instance_id": "",
                            "images.4.operating_system": "Oracle Linux",
                            "images.4.operating_system_version": "7.3",
                            "images.4.state": "AVAILABLE",
                            "images.4.time_created": "2017-08-10 00:57:00.24 +0000 UTC",
                            "images.5.base_image_id": "ocid1.image.oc1.phx.aaaaaaaa5yu6pw3riqtuhxzov7fdngi4tsteganmao54nq3pyxu3hxcuzmoa",
                            "images.5.compartment_id": "ocid1.compartment.oc1..aaaaaaaawgpykgu7qgxq3c336hxl7nbtrbgjjbcbrcwp5vhluwglh5mlio2q",
                            "images.5.create_image_allowed": "true",
                            "images.5.display_name": "DSE_OPSC_IMAGE_v1.0",
                            "images.5.id": "ocid1.image.oc1.phx.aaaaaaaalcnf2l36yqees6hq3b6i47of7kcs4ihnsqvmmw6anglpcypeim6a",
                            "images.5.instance_id": "",
                            "images.5.operating_system": "Oracle Linux",
                            "images.5.operating_system_version": "7.3",
                            "images.5.state": "AVAILABLE",
                            "images.5.time_created": "2017-08-09 23:18:58.992 +0000 UTC",
                            "operating_system": "Oracle Linux",
                            "operating_system_version": "7.3"
                        },
                        "meta": {},
                        "tainted": false
                    },
                    "deposed": [],
                    "provider": ""
                },
                "data.baremetal_core_vnic.DSE_OPSC_Vnic": {
                    "type": "baremetal_core_vnic",
                    "depends_on": [
                        "data.baremetal_core_vnic_attachments.DSE_OPSC_Vnics"
                    ],
                    "primary": {
                        "id": "ocid1.vnic.oc1.phx.abyhqljsgxuu4i5y5zajmpaq6mzsr2prqjkomrp5y7o4nntmjdzsxmuggrxa",
                        "attributes": {
                            "availability_domain": "FcAL:PHX-AD-1",
                            "compartment_id": "ocid1.compartment.oc1..aaaaaaaawgpykgu7qgxq3c336hxl7nbtrbgjjbcbrcwp5vhluwglh5mlio2q",
                            "display_name": "OPSC_AD_1-0",
                            "hostname_label": "",
                            "id": "ocid1.vnic.oc1.phx.abyhqljsgxuu4i5y5zajmpaq6mzsr2prqjkomrp5y7o4nntmjdzsxmuggrxa",
                            "private_ip_address": "10.0.0.2",
                            "public_ip_address": "129.146.26.189",
                            "state": "AVAILABLE",
                            "subnet_id": "ocid1.subnet.oc1.phx.aaaaaaaaztnmf6az2h6z4h3zddzyjkb7l5wdqoyswdbnvp3hldiwkrrnpjxa",
                            "vnic_id": "ocid1.vnic.oc1.phx.abyhqljsgxuu4i5y5zajmpaq6mzsr2prqjkomrp5y7o4nntmjdzsxmuggrxa"
                        },
                        "meta": {},
                        "tainted": false
                    },
                    "deposed": [],
                    "provider": ""
                },
                "data.baremetal_core_vnic_attachments.DSE_OPSC_Vnics": {
                    "type": "baremetal_core_vnic_attachments",
                    "depends_on": [
                        "baremetal_core_instance.DSE_OPSC",
                        "data.baremetal_identity_availability_domains.ADs"
                    ],
                    "primary": {
                        "id": "2017-09-14 20:25:39.584428864 +0000 UTC",
                        "attributes": {
                            "availability_domain": "FcAL:PHX-AD-1",
                            "compartment_id": "ocid1.compartment.oc1..aaaaaaaawgpykgu7qgxq3c336hxl7nbtrbgjjbcbrcwp5vhluwglh5mlio2q",
                            "id": "2017-09-14 20:25:39.584428864 +0000 UTC",
                            "instance_id": "ocid1.instance.oc1.phx.abyhqljsb5kcrenqdagus25v7s6ejauzlnho6venaljrwm77rjf74dzkwhpq",
                            "vnic_attachments.#": "1",
                            "vnic_attachments.0.availability_domain": "FcAL:PHX-AD-1",
                            "vnic_attachments.0.compartment_id": "ocid1.compartment.oc1..aaaaaaaawgpykgu7qgxq3c336hxl7nbtrbgjjbcbrcwp5vhluwglh5mlio2q",
                            "vnic_attachments.0.display_name": "",
                            "vnic_attachments.0.id": "ocid1.vnicattachment.oc1.phx.abyhqljsumzwgmvjzc4vqjznezid6whk4ln3sainpvjh3gjmby3xkgozgnea",
                            "vnic_attachments.0.instance_id": "ocid1.instance.oc1.phx.abyhqljsb5kcrenqdagus25v7s6ejauzlnho6venaljrwm77rjf74dzkwhpq",
                            "vnic_attachments.0.state": "ATTACHED",
                            "vnic_attachments.0.subnet_id": "ocid1.subnet.oc1.phx.aaaaaaaaztnmf6az2h6z4h3zddzyjkb7l5wdqoyswdbnvp3hldiwkrrnpjxa",
                            "vnic_attachments.0.time_created": "Thu, 14 Sep 2017 20:23:46 UTC",
                            "vnic_attachments.0.vnic_id": "ocid1.vnic.oc1.phx.abyhqljsgxuu4i5y5zajmpaq6mzsr2prqjkomrp5y7o4nntmjdzsxmuggrxa"
                        },
                        "meta": {},
                        "tainted": false
                    },
                    "deposed": [],
                    "provider": ""
                },
                "data.baremetal_identity_availability_domains.ADs": {
                    "type": "baremetal_identity_availability_domains",
                    "depends_on": [],
                    "primary": {
                        "id": "2017-09-14 20:22:52.886561115 +0000 UTC",
                        "attributes": {
                            "availability_domains.#": "3",
                            "availability_domains.0.compartment_id": "ocid1.tenancy.oc1..aaaaaaaaiecpb6fwi33blxe7x7s4btruzrzj77j2javhie3xevuifa2e7fnq",
                            "availability_domains.0.name": "FcAL:PHX-AD-1",
                            "availability_domains.1.compartment_id": "ocid1.tenancy.oc1..aaaaaaaaiecpb6fwi33blxe7x7s4btruzrzj77j2javhie3xevuifa2e7fnq",
                            "availability_domains.1.name": "FcAL:PHX-AD-2",
                            "availability_domains.2.compartment_id": "ocid1.tenancy.oc1..aaaaaaaaiecpb6fwi33blxe7x7s4btruzrzj77j2javhie3xevuifa2e7fnq",
                            "availability_domains.2.name": "FcAL:PHX-AD-3",
                            "compartment_id": "ocid1.tenancy.oc1..aaaaaaaaiecpb6fwi33blxe7x7s4btruzrzj77j2javhie3xevuifa2e7fnq",
                            "id": "2017-09-14 20:22:52.886561115 +0000 UTC"
                        },
                        "meta": {},
                        "tainted": false
                    },
                    "deposed": [],
                    "provider": ""
                }
            },
            "depends_on": []
        }
    ]
}
